
Microsoft Visual Studio Solution File, Format Version 11.00
# Visual Studio 2010
Project("{FAE04EC0-301F-11D3-BF4B-00C04F79EFBC}") = "2018", "Assembly-CSharp.csproj", "{DF054021-92EA-FBBB-E55A-A9678F81B215}"
EndProject
Project("{FAE04EC0-301F-11D3-BF4B-00C04F79EFBC}") = "2018", "Assembly-CSharp-firstpass.csproj", "{F553CAFB-45E8-2CBB-D25A-2C5BF3216683}"
EndProject
Project("{FAE04EC0-301F-11D3-BF4B-00C04F79EFBC}") = "2018", "Assembly-CSharp-Editor.csproj", "{E5260A4F-6017-A4B8-1069-DC2F601C33C1}"
EndProject
Global
	GlobalSection(SolutionConfigurationPlatforms) = preSolution
		Debug|Any CPU = Debug|Any CPU
		Release|Any CPU = Release|Any CPU
	EndGlobalSection
	GlobalSection(ProjectConfigurationPlatforms) = postSolution
		{DF054021-92EA-FBBB-E55A-A9678F81B215}.Debug|Any CPU.ActiveCfg = Debug|Any CPU
		{DF054021-92EA-FBBB-E55A-A9678F81B215}.Debug|Any CPU.Build.0 = Debug|Any CPU
		{DF054021-92EA-FBBB-E55A-A9678F81B215}.Release|Any CPU.ActiveCfg = Release|Any CPU
		{DF054021-92EA-FBBB-E55A-A9678F81B215}.Release|Any CPU.Build.0 = Release|Any CPU
		{F553CAFB-45E8-2CBB-D25A-2C5BF3216683}.Debug|Any CPU.ActiveCfg = Debug|Any CPU
		{F553CAFB-45E8-2CBB-D25A-2C5BF3216683}.Debug|Any CPU.Build.0 = Debug|Any CPU
		{F553CAFB-45E8-2CBB-D25A-2C5BF3216683}.Release|Any CPU.ActiveCfg = Release|Any CPU
		{F553CAFB-45E8-2CBB-D25A-2C5BF3216683}.Release|Any CPU.Build.0 = Release|Any CPU
		{E5260A4F-6017-A4B8-1069-DC2F601C33C1}.Debug|Any CPU.ActiveCfg = Debug|Any CPU
		{E5260A4F-6017-A4B8-1069-DC2F601C33C1}.Debug|Any CPU.Build.0 = Debug|Any CPU
		{E5260A4F-6017-A4B8-1069-DC2F601C33C1}.Release|Any CPU.ActiveCfg = Release|Any CPU
		{E5260A4F-6017-A4B8-1069-DC2F601C33C1}.Release|Any CPU.Build.0 = Release|Any CPU
	EndGlobalSection
	GlobalSection(SolutionProperties) = preSolution
		HideSolutionNode = FALSE
	EndGlobalSection
	GlobalSection(MonoDevelopProperties) = preSolution
		StartupItem = Assembly-CSharp.csproj
	EndGlobalSection
EndGlobal
